
Microsoft Visual Studio Solution File, Format Version 12.00
# Visual Studio 14
VisualStudioVersion = 14.0.25420.1
MinimumVisualStudioVersion = 10.0.40219.1
Project("{FAE04EC0-301F-11D3-BF4B-00C04F79EFBC}") = "CustomCheckBoxSample.Android", "CustomCheckBoxSample\CustomCheckBoxSample.Android\CustomCheckBoxSample.Android.csproj", "{737BAE9D-C7EA-4A40-90A1-224625A1C1F2}"
EndProject
Project("{FAE04EC0-301F-11D3-BF4B-00C04F79EFBC}") = "CustomCheckBoxSample", "CustomCheckBoxSample\CustomCheckBoxSample\CustomCheckBoxSample.csproj", "{ADC887D0-E556-4598-9643-52AC49F1C1E4}"
EndProject
Project("{FAE04EC0-301F-11D3-BF4B-00C04F79EFBC}") = "CustomCheckBoxSample.iOS", "CustomCheckBoxSample\CustomCheckBoxSample.iOS\CustomCheckBoxSample.iOS.csproj", "{FEE2FAB9-0E41-44A1-91D7-D5F3D56146A7}"
EndProject
Global
	GlobalSection(SolutionConfigurationPlatforms) = preSolution
		Ad-Hoc|Any CPU = Ad-Hoc|Any CPU
		Ad-Hoc|iPhone = Ad-Hoc|iPhone
		Ad-Hoc|iPhoneSimulator = Ad-Hoc|iPhoneSimulator
		AppStore|Any CPU = AppStore|Any CPU
		AppStore|iPhone = AppStore|iPhone
		AppStore|iPhoneSimulator = AppStore|iPhoneSimulator
		Debug|Any CPU = Debug|Any CPU
		Debug|iPhone = Debug|iPhone
		Debug|iPhoneSimulator = Debug|iPhoneSimulator
		Release|Any CPU = Release|Any CPU
		Release|iPhone = Release|iPhone
		Release|iPhoneSimulator = Release|iPhoneSimulator
	EndGlobalSection
	GlobalSection(ProjectConfigurationPlatforms) = postSolution
		{737BAE9D-C7EA-4A40-90A1-224625A1C1F2}.Ad-Hoc|Any CPU.ActiveCfg = Release|Any CPU
		{737BAE9D-C7EA-4A40-90A1-224625A1C1F2}.Ad-Hoc|Any CPU.Build.0 = Release|Any CPU
		{737BAE9D-C7EA-4A40-90A1-224625A1C1F2}.Ad-Hoc|Any CPU.Deploy.0 = Release|Any CPU
		{737BAE9D-C7EA-4A40-90A1-224625A1C1F2}.Ad-Hoc|iPhone.ActiveCfg = Release|Any CPU
		{737BAE9D-C7EA-4A40-90A1-224625A1C1F2}.Ad-Hoc|iPhone.Build.0 = Release|Any CPU
		{737BAE9D-C7EA-4A40-90A1-224625A1C1F2}.Ad-Hoc|iPhone.Deploy.0 = Release|Any CPU
		{737BAE9D-C7EA-4A40-90A1-224625A1C1F2}.Ad-Hoc|iPhoneSimulator.ActiveCfg = Release|Any CPU
		{737BAE9D-C7EA-4A40-90A1-224625A1C1F2}.Ad-Hoc|iPhoneSimulator.Build.0 = Release|Any CPU
		{737BAE9D-C7EA-4A40-90A1-224625A1C1F2}.Ad-Hoc|iPhoneSimulator.Deploy.0 = Release|Any CPU
		{737BAE9D-C7EA-4A40-90A1-224625A1C1F2}.AppStore|Any CPU.ActiveCfg = Release|Any CPU
		{737BAE9D-C7EA-4A40-90A1-224625A1C1F2}.AppStore|Any CPU.Build.0 = Release|Any CPU
		{737BAE9D-C7EA-4A40-90A1-224625A1C1F2}.AppStore|Any CPU.Deploy.0 = Release|Any CPU
		{737BAE9D-C7EA-4A40-90A1-224625A1C1F2}.AppStore|iPhone.ActiveCfg = Release|Any CPU
		{737BAE9D-C7EA-4A40-90A1-224625A1C1F2}.AppStore|iPhone.Build.0 = Release|Any CPU
		{737BAE9D-C7EA-4A40-90A1-224625A1C1F2}.AppStore|iPhone.Deploy.0 = Release|Any CPU
		{737BAE9D-C7EA-4A40-90A1-224625A1C1F2}.AppStore|iPhoneSimulator.ActiveCfg = Release|Any CPU
		{737BAE9D-C7EA-4A40-90A1-224625A1C1F2}.AppStore|iPhoneSimulator.Build.0 = Release|Any CPU
		{737BAE9D-C7EA-4A40-90A1-224625A1C1F2}.AppStore|iPhoneSimulator.Deploy.0 = Release|Any CPU
		{737BAE9D-C7EA-4A40-90A1-224625A1C1F2}.Debug|Any CPU.ActiveCfg = Debug|Any CPU
		{737BAE9D-C7EA-4A40-90A1-224625A1C1F2}.Debug|Any CPU.Build.0 = Debug|Any CPU
		{737BAE9D-C7EA-4A40-90A1-224625A1C1F2}.Debug|Any CPU.Deploy.0 = Debug|Any CPU
		{737BAE9D-C7EA-4A40-90A1-224625A1C1F2}.Debug|iPhone.ActiveCfg = Debug|Any CPU
		{737BAE9D-C7EA-4A40-90A1-224625A1C1F2}.Debug|iPhone.Build.0 = Debug|Any CPU
		{737BAE9D-C7EA-4A40-90A1-224625A1C1F2}.Debug|iPhone.Deploy.0 = Debug|Any CPU
		{737BAE9D-C7EA-4A40-90A1-224625A1C1F2}.Debug|iPhoneSimulator.ActiveCfg = Debug|Any CPU
		{737BAE9D-C7EA-4A40-90A1-224625A1C1F2}.Debug|iPhoneSimulator.Build.0 = Debug|Any CPU
		{737BAE9D-C7EA-4A40-90A1-224625A1C1F2}.Debug|iPhoneSimulator.Deploy.0 = Debug|Any CPU
		{737BAE9D-C7EA-4A40-90A1-224625A1C1F2}.Release|Any CPU.ActiveCfg = Release|Any CPU
		{737BAE9D-C7EA-4A40-90A1-224625A1C1F2}.Release|Any CPU.Build.0 = Release|Any CPU
		{737BAE9D-C7EA-4A40-90A1-224625A1C1F2}.Release|Any CPU.Deploy.0 = Release|Any CPU
		{737BAE9D-C7EA-4A40-90A1-224625A1C1F2}.Release|iPhone.ActiveCfg = Release|Any CPU
		{737BAE9D-C7EA-4A40-90A1-224625A1C1F2}.Release|iPhone.Build.0 = Release|Any CPU
		{737BAE9D-C7EA-4A40-90A1-224625A1C1F2}.Release|iPhone.Deploy.0 = Release|Any CPU
		{737BAE9D-C7EA-4A40-90A1-224625A1C1F2}.Release|iPhoneSimulator.ActiveCfg = Release|Any CPU
		{737BAE9D-C7EA-4A40-90A1-224625A1C1F2}.Release|iPhoneSimulator.Build.0 = Release|Any CPU
		{737BAE9D-C7EA-4A40-90A1-224625A1C1F2}.Release|iPhoneSimulator.Deploy.0 = Release|Any CPU
		{ADC887D0-E556-4598-9643-52AC49F1C1E4}.Ad-Hoc|Any CPU.ActiveCfg = Release|Any CPU
		{ADC887D0-E556-4598-9643-52AC49F1C1E4}.Ad-Hoc|Any CPU.Build.0 = Release|Any CPU
		{ADC887D0-E556-4598-9643-52AC49F1C1E4}.Ad-Hoc|Any CPU.Deploy.0 = Release|Any CPU
		{ADC887D0-E556-4598-9643-52AC49F1C1E4}.Ad-Hoc|iPhone.ActiveCfg = Release|Any CPU
		{ADC887D0-E556-4598-9643-52AC49F1C1E4}.Ad-Hoc|iPhone.Build.0 = Release|Any CPU
		{ADC887D0-E556-4598-9643-52AC49F1C1E4}.Ad-Hoc|iPhone.Deploy.0 = Release|Any CPU
		{ADC887D0-E556-4598-9643-52AC49F1C1E4}.Ad-Hoc|iPhoneSimulator.ActiveCfg = Release|Any CPU
		{ADC887D0-E556-4598-9643-52AC49F1C1E4}.Ad-Hoc|iPhoneSimulator.Build.0 = Release|Any CPU
		{ADC887D0-E556-4598-9643-52AC49F1C1E4}.Ad-Hoc|iPhoneSimulator.Deploy.0 = Release|Any CPU
		{ADC887D0-E556-4598-9643-52AC49F1C1E4}.AppStore|Any CPU.ActiveCfg = Release|Any CPU
		{ADC887D0-E556-4598-9643-52AC49F1C1E4}.AppStore|Any CPU.Build.0 = Release|Any CPU
		{ADC887D0-E556-4598-9643-52AC49F1C1E4}.AppStore|Any CPU.Deploy.0 = Release|Any CPU
		{ADC887D0-E556-4598-9643-52AC49F1C1E4}.AppStore|iPhone.ActiveCfg = Release|Any CPU
		{ADC887D0-E556-4598-9643-52AC49F1C1E4}.AppStore|iPhone.Build.0 = Release|Any CPU
		{ADC887D0-E556-4598-9643-52AC49F1C1E4}.AppStore|iPhone.Deploy.0 = Release|Any CPU
		{ADC887D0-E556-4598-9643-52AC49F1C1E4}.AppStore|iPhoneSimulator.ActiveCfg = Release|Any CPU
		{ADC887D0-E556-4598-9643-52AC49F1C1E4}.AppStore|iPhoneSimulator.Build.0 = Release|Any CPU
		{ADC887D0-E556-4598-9643-52AC49F1C1E4}.AppStore|iPhoneSimulator.Deploy.0 = Release|Any CPU
		{ADC887D0-E556-4598-9643-52AC49F1C1E4}.Debug|Any CPU.ActiveCfg = Debug|Any CPU
		{ADC887D0-E556-4598-9643-52AC49F1C1E4}.Debug|Any CPU.Build.0 = Debug|Any CPU
		{ADC887D0-E556-4598-9643-52AC49F1C1E4}.Debug|Any CPU.Deploy.0 = Debug|Any CPU
		{ADC887D0-E556-4598-9643-52AC49F1C1E4}.Debug|iPhone.ActiveCfg = Debug|Any CPU
		{ADC887D0-E556-4598-9643-52AC49F1C1E4}.Debug|iPhone.Build.0 = Debug|Any CPU
		{ADC887D0-E556-4598-9643-52AC49F1C1E4}.Debug|iPhone.Deploy.0 = Debug|Any CPU
		{ADC887D0-E556-4598-9643-52AC49F1C1E4}.Debug|iPhoneSimulator.ActiveCfg = Debug|Any CPU
		{ADC887D0-E556-4598-9643-52AC49F1C1E4}.Debug|iPhoneSimulator.Build.0 = Debug|Any CPU
		{ADC887D0-E556-4598-9643-52AC49F1C1E4}.Debug|iPhoneSimulator.Deploy.0 = Debug|Any CPU
		{ADC887D0-E556-4598-9643-52AC49F1C1E4}.Release|Any CPU.ActiveCfg = Release|Any CPU
		{ADC887D0-E556-4598-9643-52AC49F1C1E4}.Release|Any CPU.Build.0 = Release|Any CPU
		{ADC887D0-E556-4598-9643-52AC49F1C1E4}.Release|Any CPU.Deploy.0 = Release|Any CPU
		{ADC887D0-E556-4598-9643-52AC49F1C1E4}.Release|iPhone.ActiveCfg = Release|Any CPU
		{ADC887D0-E556-4598-9643-52AC49F1C1E4}.Release|iPhone.Build.0 = Release|Any CPU
		{ADC887D0-E556-4598-9643-52AC49F1C1E4}.Release|iPhone.Deploy.0 = Release|Any CPU
		{ADC887D0-E556-4598-9643-52AC49F1C1E4}.Release|iPhoneSimulator.ActiveCfg = Release|Any CPU
		{ADC887D0-E556-4598-9643-52AC49F1C1E4}.Release|iPhoneSimulator.Build.0 = Release|Any CPU
		{ADC887D0-E556-4598-9643-52AC49F1C1E4}.Release|iPhoneSimulator.Deploy.0 = Release|Any CPU
		{FEE2FAB9-0E41-44A1-91D7-D5F3D56146A7}.Ad-Hoc|Any CPU.ActiveCfg = Ad-Hoc|iPhone
		{FEE2FAB9-0E41-44A1-91D7-D5F3D56146A7}.Ad-Hoc|Any CPU.Build.0 = Ad-Hoc|iPhone
		{FEE2FAB9-0E41-44A1-91D7-D5F3D56146A7}.Ad-Hoc|Any CPU.Deploy.0 = Ad-Hoc|iPhone
		{FEE2FAB9-0E41-44A1-91D7-D5F3D56146A7}.Ad-Hoc|iPhone.ActiveCfg = Ad-Hoc|iPhone
		{FEE2FAB9-0E41-44A1-91D7-D5F3D56146A7}.Ad-Hoc|iPhone.Build.0 = Ad-Hoc|iPhone
		{FEE2FAB9-0E41-44A1-91D7-D5F3D56146A7}.Ad-Hoc|iPhone.Deploy.0 = Ad-Hoc|iPhone
		{FEE2FAB9-0E41-44A1-91D7-D5F3D56146A7}.Ad-Hoc|iPhoneSimulator.ActiveCfg = Ad-Hoc|iPhoneSimulator
		{FEE2FAB9-0E41-44A1-91D7-D5F3D56146A7}.Ad-Hoc|iPhoneSimulator.Build.0 = Ad-Hoc|iPhoneSimulator
		{FEE2FAB9-0E41-44A1-91D7-D5F3D56146A7}.Ad-Hoc|iPhoneSimulator.Deploy.0 = Ad-Hoc|iPhoneSimulator
		{FEE2FAB9-0E41-44A1-91D7-D5F3D56146A7}.AppStore|Any CPU.ActiveCfg = AppStore|iPhone
		{FEE2FAB9-0E41-44A1-91D7-D5F3D56146A7}.AppStore|Any CPU.Build.0 = AppStore|iPhone
		{FEE2FAB9-0E41-44A1-91D7-D5F3D56146A7}.AppStore|Any CPU.Deploy.0 = AppStore|iPhone
		{FEE2FAB9-0E41-44A1-91D7-D5F3D56146A7}.AppStore|iPhone.ActiveCfg = AppStore|iPhone
		{FEE2FAB9-0E41-44A1-91D7-D5F3D56146A7}.AppStore|iPhone.Build.0 = AppStore|iPhone
		{FEE2FAB9-0E41-44A1-91D7-D5F3D56146A7}.AppStore|iPhone.Deploy.0 = AppStore|iPhone
		{FEE2FAB9-0E41-44A1-91D7-D5F3D56146A7}.AppStore|iPhoneSimulator.ActiveCfg = AppStore|iPhoneSimulator
		{FEE2FAB9-0E41-44A1-91D7-D5F3D56146A7}.AppStore|iPhoneSimulator.Build.0 = AppStore|iPhoneSimulator
		{FEE2FAB9-0E41-44A1-91D7-D5F3D56146A7}.AppStore|iPhoneSimulator.Deploy.0 = AppStore|iPhoneSimulator
		{FEE2FAB9-0E41-44A1-91D7-D5F3D56146A7}.Debug|Any CPU.ActiveCfg = Debug|iPhoneSimulator
		{FEE2FAB9-0E41-44A1-91D7-D5F3D56146A7}.Debug|Any CPU.Build.0 = Debug|iPhoneSimulator
		{FEE2FAB9-0E41-44A1-91D7-D5F3D56146A7}.Debug|Any CPU.Deploy.0 = Debug|iPhoneSimulator
		{FEE2FAB9-0E41-44A1-91D7-D5F3D56146A7}.Debug|iPhone.ActiveCfg = Debug|iPhone
		{FEE2FAB9-0E41-44A1-91D7-D5F3D56146A7}.Debug|iPhone.Build.0 = Debug|iPhone
		{FEE2FAB9-0E41-44A1-91D7-D5F3D56146A7}.Debug|iPhone.Deploy.0 = Debug|iPhone
		{FEE2FAB9-0E41-44A1-91D7-D5F3D56146A7}.Debug|iPhoneSimulator.ActiveCfg = Debug|iPhoneSimulator
		{FEE2FAB9-0E41-44A1-91D7-D5F3D56146A7}.Debug|iPhoneSimulator.Build.0 = Debug|iPhoneSimulator
		{FEE2FAB9-0E41-44A1-91D7-D5F3D56146A7}.Debug|iPhoneSimulator.Deploy.0 = Debug|iPhoneSimulator
		{FEE2FAB9-0E41-44A1-91D7-D5F3D56146A7}.Release|Any CPU.ActiveCfg = Release|iPhone
		{FEE2FAB9-0E41-44A1-91D7-D5F3D56146A7}.Release|Any CPU.Build.0 = Release|iPhone
		{FEE2FAB9-0E41-44A1-91D7-D5F3D56146A7}.Release|Any CPU.Deploy.0 = Release|iPhone
		{FEE2FAB9-0E41-44A1-91D7-D5F3D56146A7}.Release|iPhone.ActiveCfg = Release|iPhone
		{FEE2FAB9-0E41-44A1-91D7-D5F3D56146A7}.Release|iPhone.Build.0 = Release|iPhone
		{FEE2FAB9-0E41-44A1-91D7-D5F3D56146A7}.Release|iPhone.Deploy.0 = Release|iPhone
		{FEE2FAB9-0E41-44A1-91D7-D5F3D56146A7}.Release|iPhoneSimulator.ActiveCfg = Release|iPhoneSimulator
		{FEE2FAB9-0E41-44A1-91D7-D5F3D56146A7}.Release|iPhoneSimulator.Build.0 = Release|iPhoneSimulator
		{FEE2FAB9-0E41-44A1-91D7-D5F3D56146A7}.Release|iPhoneSimulator.Deploy.0 = Release|iPhoneSimulator
	EndGlobalSection
	GlobalSection(SolutionProperties) = preSolution
		HideSolutionNode = FALSE
	EndGlobalSection
EndGlobal
